// !$*UTF8*$!
{
	archiveVersion = 1;
	classes = {
	};
	objectVersion = 51;
	objects = {

/* Begin PBXBuildFile section */
		1244B11622D35B2D00706BDC /* EventCell.swift in Sources */ = {isa = PBXBuildFile; fileRef = 1244B11522D35B2D00706BDC /* EventCell.swift */; };
		124EE38422CCB6F00008661F /* AppDelegate.swift in Sources */ = {isa = PBXBuildFile; fileRef = 124EE38322CCB6F00008661F /* AppDelegate.swift */; };
		124EE38622CCB6F00008661F /* ViewController.swift in Sources */ = {isa = PBXBuildFile; fileRef = 124EE38522CCB6F00008661F /* ViewController.swift */; };
		124EE38922CCB6F00008661F /* Main.storyboard in Resources */ = {isa = PBXBuildFile; fileRef = 124EE38722CCB6F00008661F /* Main.storyboard */; };
		124EE38B22CCB6F10008661F /* Assets.xcassets in Resources */ = {isa = PBXBuildFile; fileRef = 124EE38A22CCB6F10008661F /* Assets.xcassets */; };
		124EE38E22CCB6F10008661F /* LaunchScreen.storyboard in Resources */ = {isa = PBXBuildFile; fileRef = 124EE38C22CCB6F10008661F /* LaunchScreen.storyboard */; };
		124EE39622CCB7110008661F /* Constants.swift in Sources */ = {isa = PBXBuildFile; fileRef = 124EE39522CCB7110008661F /* Constants.swift */; };
		124EE39822CCB91D0008661F /* NexmoClientExtensions.swift in Sources */ = {isa = PBXBuildFile; fileRef = 124EE39722CCB91D0008661F /* NexmoClientExtensions.swift */; };
		124EE39A22CCBA8E0008661F /* ViewController+Interface.swift in Sources */ = {isa = PBXBuildFile; fileRef = 124EE39922CCBA8E0008661F /* ViewController+Interface.swift */; };
		124EE39C22CCD91D0008661F /* UserSelectionViewController.swift in Sources */ = {isa = PBXBuildFile; fileRef = 124EE39B22CCD91D0008661F /* UserSelectionViewController.swift */; };
		12D30C4522D5F3EE00BB3662 /* ViewController+Nexmo.swift in Sources */ = {isa = PBXBuildFile; fileRef = 12D30C4422D5F3EE00BB3662 /* ViewController+Nexmo.swift */; };
		5143467E5B1E264F1DD8D337 /* Pods_InappMessaging.framework in Frameworks */ = {isa = PBXBuildFile; fileRef = 6E1398AAF203B0291832E05B /* Pods_InappMessaging.framework */; };
/* End PBXBuildFile section */

/* Begin PBXFileReference section */
		1244B11522D35B2D00706BDC /* EventCell.swift */ = {isa = PBXFileReference; lastKnownFileType = sourcecode.swift; path = EventCell.swift; sourceTree = "<group>"; };
		124EE38022CCB6F00008661F /* InappMessaging.app */ = {isa = PBXFileReference; explicitFileType = wrapper.application; includeInIndex = 0; path = InappMessaging.app; sourceTree = BUILT_PRODUCTS_DIR; };
		124EE38322CCB6F00008661F /* AppDelegate.swift */ = {isa = PBXFileReference; lastKnownFileType = sourcecode.swift; path = AppDelegate.swift; sourceTree = "<group>"; };
		124EE38522CCB6F00008661F /* ViewController.swift */ = {isa = PBXFileReference; lastKnownFileType = sourcecode.swift; path = ViewController.swift; sourceTree = "<group>"; };
		124EE38822CCB6F00008661F /* Base */ = {isa = PBXFileReference; lastKnownFileType = file.storyboard; name = Base; path = Base.lproj/Main.storyboard; sourceTree = "<group>"; };
		124EE38A22CCB6F10008661F /* Assets.xcassets */ = {isa = PBXFileReference; lastKnownFileType = folder.assetcatalog; path = Assets.xcassets; sourceTree = "<group>"; };
		124EE38D22CCB6F10008661F /* Base */ = {isa = PBXFileReference; lastKnownFileType = file.storyboard; name = Base; path = Base.lproj/LaunchScreen.storyboard; sourceTree = "<group>"; };
		124EE38F22CCB6F10008661F /* Info.plist */ = {isa = PBXFileReference; lastKnownFileType = text.plist.xml; path = Info.plist; sourceTree = "<group>"; };
		124EE39522CCB7110008661F /* Constants.swift */ = {isa = PBXFileReference; lastKnownFileType = sourcecode.swift; path = Constants.swift; sourceTree = "<group>"; };
		124EE39722CCB91D0008661F /* NexmoClientExtensions.swift */ = {isa = PBXFileReference; fileEncoding = 4; lastKnownFileType = sourcecode.swift; path = NexmoClientExtensions.swift; sourceTree = "<group>"; };
		124EE39922CCBA8E0008661F /* ViewController+Interface.swift */ = {isa = PBXFileReference; lastKnownFileType = sourcecode.swift; path = "ViewController+Interface.swift"; sourceTree = "<group>"; };
		124EE39B22CCD91D0008661F /* UserSelectionViewController.swift */ = {isa = PBXFileReference; lastKnownFileType = sourcecode.swift; path = UserSelectionViewController.swift; sourceTree = "<group>"; };
		12D30C4322D5E41C00BB3662 /* README.md */ = {isa = PBXFileReference; lastKnownFileType = net.daringfireball.markdown; path = README.md; sourceTree = "<group>"; };
		12D30C4422D5F3EE00BB3662 /* ViewController+Nexmo.swift */ = {isa = PBXFileReference; lastKnownFileType = sourcecode.swift; path = "ViewController+Nexmo.swift"; sourceTree = "<group>"; };
		6E1398AAF203B0291832E05B /* Pods_InappMessaging.framework */ = {isa = PBXFileReference; explicitFileType = wrapper.framework; includeInIndex = 0; path = Pods_InappMessaging.framework; sourceTree = BUILT_PRODUCTS_DIR; };
		C1C4161E757C41C2D84BB85C /* Pods-InappMessaging.debug.xcconfig */ = {isa = PBXFileReference; includeInIndex = 1; lastKnownFileType = text.xcconfig; name = "Pods-InappMessaging.debug.xcconfig"; path = "Target Support Files/Pods-InappMessaging/Pods-InappMessaging.debug.xcconfig"; sourceTree = "<group>"; };
		D29207621740C0F0918AF4EB /* Pods-InappMessaging.release.xcconfig */ = {isa = PBXFileReference; includeInIndex = 1; lastKnownFileType = text.xcconfig; name = "Pods-InappMessaging.release.xcconfig"; path = "Target Support Files/Pods-InappMessaging/Pods-InappMessaging.release.xcconfig"; sourceTree = "<group>"; };
/* End PBXFileReference section */

/* Begin PBXFrameworksBuildPhase section */
		124EE37D22CCB6F00008661F /* Frameworks */ = {
			isa = PBXFrameworksBuildPhase;
			buildActionMask = 2147483647;
			files = (
				5143467E5B1E264F1DD8D337 /* Pods_InappMessaging.framework in Frameworks */,
			);
			runOnlyForDeploymentPostprocessing = 0;
		};
/* End PBXFrameworksBuildPhase section */

/* Begin PBXGroup section */
		124EE37722CCB6F00008661F = {
			isa = PBXGroup;
			children = (
				12D30C4322D5E41C00BB3662 /* README.md */,
				124EE38222CCB6F00008661F /* InappMessaging */,
				124EE38122CCB6F00008661F /* Products */,
				79A5954409267F0359C208C2 /* Pods */,
				95BF6705F3934A3AD0A51D4A /* Frameworks */,
			);
			sourceTree = "<group>";
		};
		124EE38122CCB6F00008661F /* Products */ = {
			isa = PBXGroup;
			children = (
				124EE38022CCB6F00008661F /* InappMessaging.app */,
			);
			name = Products;
			sourceTree = "<group>";
		};
		124EE38222CCB6F00008661F /* InappMessaging */ = {
			isa = PBXGroup;
			children = (
				124EE39522CCB7110008661F /* Constants.swift */,
				124EE38322CCB6F00008661F /* AppDelegate.swift */,
				124EE39B22CCD91D0008661F /* UserSelectionViewController.swift */,
				124EE38522CCB6F00008661F /* ViewController.swift */,
				12D30C4422D5F3EE00BB3662 /* ViewController+Nexmo.swift */,
				124EE39922CCBA8E0008661F /* ViewController+Interface.swift */,
				1244B11522D35B2D00706BDC /* EventCell.swift */,
				124EE38722CCB6F00008661F /* Main.storyboard */,
				124EE38A22CCB6F10008661F /* Assets.xcassets */,
				124EE38C22CCB6F10008661F /* LaunchScreen.storyboard */,
				124EE38F22CCB6F10008661F /* Info.plist */,
				124EE39722CCB91D0008661F /* NexmoClientExtensions.swift */,
			);
			path = InappMessaging;
			sourceTree = "<group>";
		};
		79A5954409267F0359C208C2 /* Pods */ = {
			isa = PBXGroup;
			children = (
				C1C4161E757C41C2D84BB85C /* Pods-InappMessaging.debug.xcconfig */,
				D29207621740C0F0918AF4EB /* Pods-InappMessaging.release.xcconfig */,
			);
			path = Pods;
			sourceTree = "<group>";
		};
		95BF6705F3934A3AD0A51D4A /* Frameworks */ = {
			isa = PBXGroup;
			children = (
				6E1398AAF203B0291832E05B /* Pods_InappMessaging.framework */,
			);
			name = Frameworks;
			sourceTree = "<group>";
		};
/* End PBXGroup section */

/* Begin PBXNativeTarget section */
		124EE37F22CCB6F00008661F /* InappMessaging */ = {
			isa = PBXNativeTarget;
			buildConfigurationList = 124EE39222CCB6F10008661F /* Build configuration list for PBXNativeTarget "InappMessaging" */;
			buildPhases = (
				1C928F8FD4A9D993B9AD05AE /* [CP] Check Pods Manifest.lock */,
				124EE37C22CCB6F00008661F /* Sources */,
				124EE37D22CCB6F00008661F /* Frameworks */,
				124EE37E22CCB6F00008661F /* Resources */,
				3CF2BFE831F38329E105FA99 /* [CP] Embed Pods Frameworks */,
			);
			buildRules = (
			);
			dependencies = (
			);
			name = InappMessaging;
			productName = InappMessaging;
			productReference = 124EE38022CCB6F00008661F /* InappMessaging.app */;
			productType = "com.apple.product-type.application";
		};
/* End PBXNativeTarget section */

/* Begin PBXProject section */
		124EE37822CCB6F00008661F /* Project object */ = {
			isa = PBXProject;
			attributes = {
				LastSwiftUpdateCheck = 1020;
				LastUpgradeCheck = 1020;
				ORGANIZATIONNAME = Nexmo;
				TargetAttributes = {
					124EE37F22CCB6F00008661F = {
						CreatedOnToolsVersion = 10.2.1;
					};
				};
			};
			buildConfigurationList = 124EE37B22CCB6F00008661F /* Build configuration list for PBXProject "InappMessaging" */;
			compatibilityVersion = "Xcode 9.3";
			developmentRegion = en;
			hasScannedForEncodings = 0;
			knownRegions = (
				en,
				Base,
			);
			mainGroup = 124EE37722CCB6F00008661F;
			productRefGroup = 124EE38122CCB6F00008661F /* Products */;
			projectDirPath = "";
			projectRoot = "";
			targets = (
				124EE37F22CCB6F00008661F /* InappMessaging */,
			);
		};
/* End PBXProject section */

/* Begin PBXResourcesBuildPhase section */
		124EE37E22CCB6F00008661F /* Resources */ = {
			isa = PBXResourcesBuildPhase;
			buildActionMask = 2147483647;
			files = (
				124EE38E22CCB6F10008661F /* LaunchScreen.storyboard in Resources */,
				124EE38B22CCB6F10008661F /* Assets.xcassets in Resources */,
				124EE38922CCB6F00008661F /* Main.storyboard in Resources */,
			);
			runOnlyForDeploymentPostprocessing = 0;
		};
/* End PBXResourcesBuildPhase section */

/* Begin PBXShellScriptBuildPhase section */
		1C928F8FD4A9D993B9AD05AE /* [CP] Check Pods Manifest.lock */ = {
			isa = PBXShellScriptBuildPhase;
			buildActionMask = 2147483647;
			files = (
			);
			inputFileListPaths = (
			);
			inputPaths = (
				"${PODS_PODFILE_DIR_PATH}/Podfile.lock",
				"${PODS_ROOT}/Manifest.lock",
			);
			name = "[CP] Check Pods Manifest.lock";
			outputFileListPaths = (
			);
			outputPaths = (
				"$(DERIVED_FILE_DIR)/Pods-InappMessaging-checkManifestLockResult.txt",
			);
			runOnlyForDeploymentPostprocessing = 0;
			shellPath = /bin/sh;
			shellScript = "diff \"${PODS_PODFILE_DIR_PATH}/Podfile.lock\" \"${PODS_ROOT}/Manifest.lock\" > /dev/null\nif [ $? != 0 ] ; then\n    # print error to STDERR\n    echo \"error: The sandbox is not in sync with the Podfile.lock. Run 'pod install' or update your CocoaPods installation.\" >&2\n    exit 1\nfi\n# This output is used by Xcode 'outputs' to avoid re-running this script phase.\necho \"SUCCESS\" > \"${SCRIPT_OUTPUT_FILE_0}\"\n";
			showEnvVarsInLog = 0;
		};
		3CF2BFE831F38329E105FA99 /* [CP] Embed Pods Frameworks */ = {
			isa = PBXShellScriptBuildPhase;
			buildActionMask = 2147483647;
			files = (
			);
			inputFileListPaths = (
				"${PODS_ROOT}/Target Support Files/Pods-InappMessaging/Pods-InappMessaging-frameworks-${CONFIGURATION}-input-files.xcfilelist",
			);
			name = "[CP] Embed Pods Frameworks";
			outputFileListPaths = (
				"${PODS_ROOT}/Target Support Files/Pods-InappMessaging/Pods-InappMessaging-frameworks-${CONFIGURATION}-output-files.xcfilelist",
			);
			runOnlyForDeploymentPostprocessing = 0;
			shellPath = /bin/sh;
			shellScript = "\"${PODS_ROOT}/Target Support Files/Pods-InappMessaging/Pods-InappMessaging-frameworks.sh\"\n";
			showEnvVarsInLog = 0;
		};
/* End PBXShellScriptBuildPhase section */

/* Begin PBXSourcesBuildPhase section */
		124EE37C22CCB6F00008661F /* Sources */ = {
			isa = PBXSourcesBuildPhase;
			buildActionMask = 2147483647;
			files = (
				124EE39822CCB91D0008661F /* NexmoClientExtensions.swift in Sources */,
				124EE38622CCB6F00008661F /* ViewController.swift in Sources */,
				124EE39C22CCD91D0008661F /* UserSelectionViewController.swift in Sources */,
				124EE38422CCB6F00008661F /* AppDelegate.swift in Sources */,
				124EE39622CCB7110008661F /* Constants.swift in Sources */,
				124EE39A22CCBA8E0008661F /* ViewController+Interface.swift in Sources */,
				12D30C4522D5F3EE00BB3662 /* ViewController+Nexmo.swift in Sources */,
				1244B11622D35B2D00706BDC /* EventCell.swift in Sources */,
			);
			runOnlyForDeploymentPostprocessing = 0;
		};
/* End PBXSourcesBuildPhase section */

/* Begin PBXVariantGroup section */
		124EE38722CCB6F00008661F /* Main.storyboard */ = {
			isa = PBXVariantGroup;
			children = (
				124EE38822CCB6F00008661F /* Base */,
			);
			name = Main.storyboard;
			sourceTree = "<group>";
		};
		124EE38C22CCB6F10008661F /* LaunchScreen.storyboard */ = {
			isa = PBXVariantGroup;
			children = (
				124EE38D22CCB6F10008661F /* Base */,
			);
			name = LaunchScreen.storyboard;
			sourceTree = "<group>";
		};
/* End PBXVariantGroup section */

/* Begin XCBuildConfiguration section */
		124EE39022CCB6F10008661F /* Debug */ = {
			isa = XCBuildConfiguration;
			buildSettings = {
				ALWAYS_SEARCH_USER_PATHS = NO;
				CLANG_ANALYZER_NONNULL = YES;
				CLANG_ANALYZER_NUMBER_OBJECT_CONVERSION = YES_AGGRESSIVE;
				CLANG_CXX_LANGUAGE_STANDARD = "gnu++14";
				CLANG_CXX_LIBRARY = "libc++";
				CLANG_ENABLE_MODULES = YES;
				CLANG_ENABLE_OBJC_ARC = YES;
				CLANG_ENABLE_OBJC_WEAK = YES;
				CLANG_WARN_BLOCK_CAPTURE_AUTORELEASING = YES;
				CLANG_WARN_BOOL_CONVERSION = YES;
				CLANG_WARN_COMMA = YES;
				CLANG_WARN_CONSTANT_CONVERSION = YES;
				CLANG_WARN_DEPRECATED_OBJC_IMPLEMENTATIONS = YES;
				CLANG_WARN_DIRECT_OBJC_ISA_USAGE = YES_ERROR;
				CLANG_WARN_DOCUMENTATION_COMMENTS = YES;
				CLANG_WARN_EMPTY_BODY = YES;
				CLANG_WARN_ENUM_CONVERSION = YES;
				CLANG_WARN_INFINITE_RECURSION = YES;
				CLANG_WARN_INT_CONVERSION = YES;
				CLANG_WARN_NON_LITERAL_NULL_CONVERSION = YES;
				CLANG_WARN_OBJC_IMPLICIT_RETAIN_SELF = YES;
				CLANG_WARN_OBJC_LITERAL_CONVERSION = YES;
				CLANG_WARN_OBJC_ROOT_CLASS = YES_ERROR;
				CLANG_WARN_RANGE_LOOP_ANALYSIS = YES;
				CLANG_WARN_STRICT_PROTOTYPES = YES;
				CLANG_WARN_SUSPICIOUS_MOVE = YES;
				CLANG_WARN_UNGUARDED_AVAILABILITY = YES_AGGRESSIVE;
				CLANG_WARN_UNREACHABLE_CODE = YES;
				CLANG_WARN__DUPLICATE_METHOD_MATCH = YES;
				CODE_SIGN_IDENTITY = "iPhone Developer";
				COPY_PHASE_STRIP = NO;
				DEBUG_INFORMATION_FORMAT = dwarf;
				ENABLE_STRICT_OBJC_MSGSEND = YES;
				ENABLE_TESTABILITY = YES;
				GCC_C_LANGUAGE_STANDARD = gnu11;
				GCC_DYNAMIC_NO_PIC = NO;
				GCC_NO_COMMON_BLOCKS = YES;
				GCC_OPTIMIZATION_LEVEL = 0;
				GCC_PREPROCESSOR_DEFINITIONS = (
					"DEBUG=1",
					"$(inherited)",
				);
				GCC_WARN_64_TO_32_BIT_CONVERSION = YES;
				GCC_WARN_ABOUT_RETURN_TYPE = YES_ERROR;
				GCC_WARN_UNDECLARED_SELECTOR = YES;
				GCC_WARN_UNINITIALIZED_AUTOS = YES_AGGRESSIVE;
				GCC_WARN_UNUSED_FUNCTION = YES;
				GCC_WARN_UNUSED_VARIABLE = YES;
				IPHONEOS_DEPLOYMENT_TARGET = 12.2;
				MTL_ENABLE_DEBUG_INFO = INCLUDE_SOURCE;
				MTL_FAST_MATH = YES;
				ONLY_ACTIVE_ARCH = YES;
				SDKROOT = iphoneos;
				SWIFT_ACTIVE_COMPILATION_CONDITIONS = DEBUG;
				SWIFT_OPTIMIZATION_LEVEL = "-Onone";
			};
			name = Debug;
		};
		124EE39122CCB6F10008661F /* Release */ = {
			isa = XCBuildConfiguration;
			buildSettings = {
				ALWAYS_SEARCH_USER_PATHS = NO;
				CLANG_ANALYZER_NONNULL = YES;
				CLANG_ANALYZER_NUMBER_OBJECT_CONVERSION = YES_AGGRESSIVE;
				CLANG_CXX_LANGUAGE_STANDARD = "gnu++14";
				CLANG_CXX_LIBRARY = "libc++";
				CLANG_ENABLE_MODULES = YES;
				CLANG_ENABLE_OBJC_ARC = YES;
				CLANG_ENABLE_OBJC_WEAK = YES;
				CLANG_WARN_BLOCK_CAPTURE_AUTORELEASING = YES;
				CLANG_WARN_BOOL_CONVERSION = YES;
				CLANG_WARN_COMMA = YES;
				CLANG_WARN_CONSTANT_CONVERSION = YES;
				CLANG_WARN_DEPRECATED_OBJC_IMPLEMENTATIONS = YES;
				CLANG_WARN_DIRECT_OBJC_ISA_USAGE = YES_ERROR;
				CLANG_WARN_DOCUMENTATION_COMMENTS = YES;
				CLANG_WARN_EMPTY_BODY = YES;
				CLANG_WARN_ENUM_CONVERSION = YES;
				CLANG_WARN_INFINITE_RECURSION = YES;
				CLANG_WARN_INT_CONVERSION = YES;
				CLANG_WARN_NON_LITERAL_NULL_CONVERSION = YES;
				CLANG_WARN_OBJC_IMPLICIT_RETAIN_SELF = YES;
				CLANG_WARN_OBJC_LITERAL_CONVERSION = YES;
				CLANG_WARN_OBJC_ROOT_CLASS = YES_ERROR;
				CLANG_WARN_RANGE_LOOP_ANALYSIS = YES;
				CLANG_WARN_STRICT_PROTOTYPES = YES;
				CLANG_WARN_SUSPICIOUS_MOVE = YES;
				CLANG_WARN_UNGUARDED_AVAILABILITY = YES_AGGRESSIVE;
				CLANG_WARN_UNREACHABLE_CODE = YES;
				CLANG_WARN__DUPLICATE_METHOD_MATCH = YES;
				CODE_SIGN_IDENTITY = "iPhone Developer";
				COPY_PHASE_STRIP = NO;
				DEBUG_INFORMATION_FORMAT = "dwarf-with-dsym";
				ENABLE_NS_ASSERTIONS = NO;
				ENABLE_STRICT_OBJC_MSGSEND = YES;
				GCC_C_LANGUAGE_STANDARD = gnu11;
				GCC_NO_COMMON_BLOCKS = YES;
				GCC_WARN_64_TO_32_BIT_CONVERSION = YES;
				GCC_WARN_ABOUT_RETURN_TYPE = YES_ERROR;
				GCC_WARN_UNDECLARED_SELECTOR = YES;
				GCC_WARN_UNINITIALIZED_AUTOS = YES_AGGRESSIVE;
				GCC_WARN_UNUSED_FUNCTION = YES;
				GCC_WARN_UNUSED_VARIABLE = YES;
				IPHONEOS_DEPLOYMENT_TARGET = 12.2;
				MTL_ENABLE_DEBUG_INFO = NO;
				MTL_FAST_MATH = YES;
				SDKROOT = iphoneos;
				SWIFT_COMPILATION_MODE = wholemodule;
				SWIFT_OPTIMIZATION_LEVEL = "-O";
				VALIDATE_PRODUCT = YES;
			};
			name = Release;
		};
		124EE39322CCB6F10008661F /* Debug */ = {
			isa = XCBuildConfiguration;
			baseConfigurationReference = C1C4161E757C41C2D84BB85C /* Pods-InappMessaging.debug.xcconfig */;
			buildSettings = {
				ASSETCATALOG_COMPILER_APPICON_NAME = AppIcon;
				CODE_SIGN_STYLE = Automatic;
				DEVELOPMENT_TEAM = A3M5MVSF5Z;
				ENABLE_BITCODE = NO;
				INFOPLIST_FILE = InappMessaging/Info.plist;
				LD_RUNPATH_SEARCH_PATHS = (
					"$(inherited)",
					"@executable_path/Frameworks",
				);
				PRODUCT_BUNDLE_IDENTIFIER = com.nexmo.InappMessaging;
				PRODUCT_NAME = "$(TARGET_NAME)";
				SWIFT_VERSION = 5.0;
				TARGETED_DEVICE_FAMILY = "1,2";
			};
			name = Debug;
		};
		124EE39422CCB6F10008661F /* Release */ = {
			isa = XCBuildConfiguration;
			baseConfigurationReference = D29207621740C0F0918AF4EB /* Pods-InappMessaging.release.xcconfig */;
			buildSettings = {
				ASSETCATALOG_COMPILER_APPICON_NAME = AppIcon;
				CODE_SIGN_STYLE = Automatic;
				DEVELOPMENT_TEAM = A3M5MVSF5Z;
				ENABLE_BITCODE = NO;
				INFOPLIST_FILE = InappMessaging/Info.plist;
				LD_RUNPATH_SEARCH_PATHS = (
					"$(inherited)",
					"@executable_path/Frameworks",
				);
				PRODUCT_BUNDLE_IDENTIFIER = com.nexmo.InappMessaging;
				PRODUCT_NAME = "$(TARGET_NAME)";
				SWIFT_VERSION = 5.0;
				TARGETED_DEVICE_FAMILY = "1,2";
			};
			name = Release;
		};
/* End XCBuildConfiguration section */

/* Begin XCConfigurationList section */
		124EE37B22CCB6F00008661F /* Build configuration list for PBXProject "InappMessaging" */ = {
			isa = XCConfigurationList;
			buildConfigurations = (
				124EE39022CCB6F10008661F /* Debug */,
				124EE39122CCB6F10008661F /* Release */,
			);
			defaultConfigurationIsVisible = 0;
			defaultConfigurationName = Release;
		};
		124EE39222CCB6F10008661F /* Build configuration list for PBXNativeTarget "InappMessaging" */ = {
			isa = XCConfigurationList;
			buildConfigurations = (
				124EE39322CCB6F10008661F /* Debug */,
				124EE39422CCB6F10008661F /* Release */,
			);
			defaultConfigurationIsVisible = 0;
			defaultConfigurationName = Release;
		};
/* End XCConfigurationList section */
	};
	rootObject = 124EE37822CCB6F00008661F /* Project object */;
}
